[[tools."aqua:docker/buildx"]]
version = "0.29.1"
backend = "aqua:docker/buildx"

[tools."aqua:docker/buildx".platforms.linux-x64]
checksum = "sha256:7d2d7d6d4680aa349614965aaa33ccec43f1a9a21e908a5ce4cb6adfa5ad5141"
size = 68251832
url = "https://github.com/docker/buildx/releases/download/v0.29.1/buildx-v0.29.1.linux-amd64"

[[tools."aqua:docker/cli"]]
version = "28.5.1"
backend = "aqua:docker/cli"

[tools."aqua:docker/cli".platforms.linux-x64]
checksum = "blake3:d85f818bb0b3e6525cff10d143e311c9ad99f3198885adce47989162b65d77ab"
size = 82150845
url = "https://download.docker.com/linux/static/stable/x86_64/docker-28.5.1.tgz"

[[tools."aqua:docker/compose"]]
version = "2.40.0"
backend = "aqua:docker/compose"

[tools."aqua:docker/compose".platforms.linux-x64]
checksum = "sha256:bd5835ccbbf06a42dcb5294c65e34a4634b34447afb9ed6fc7adf18a000e0f99"
size = 76294653
url = "https://github.com/docker/compose/releases/download/v2.40.0/docker-compose-linux-x86_64"

[[tools.python]]
version = "3.12.12"
backend = "core:python"

[[tools.uv]]
version = "0.9.10"
backend = "aqua:astral-sh/uv"
